
Microsoft Visual Studio Solution File, Format Version 12.00
# Visual Studio Version 17
VisualStudioVersion = 17.14.36401.2 d17.14
MinimumVisualStudioVersion = 10.0.40219.1
Project("{FAE04EC0-301F-11D3-BF4B-00C04F79EFBC}") = "proyecto_forms_crud_db", "proyecto_forms_crud_db\proyecto_forms_crud_db.csproj", "{47D45612-C1AE-46D1-A833-8C4FF5048FDE}"
EndProject
Global
	GlobalSection(SolutionConfigurationPlatforms) = preSolution
		Debug|Any CPU = Debug|Any CPU
		Release|Any CPU = Release|Any CPU
	EndGlobalSection
	GlobalSection(ProjectConfigurationPlatforms) = postSolution
		{47D45612-C1AE-46D1-A833-8C4FF5048FDE}.Debug|Any CPU.ActiveCfg = Debug|Any CPU
		{47D45612-C1AE-46D1-A833-8C4FF5048FDE}.Debug|Any CPU.Build.0 = Debug|Any CPU
		{47D45612-C1AE-46D1-A833-8C4FF5048FDE}.Release|Any CPU.ActiveCfg = Release|Any CPU
		{47D45612-C1AE-46D1-A833-8C4FF5048FDE}.Release|Any CPU.Build.0 = Release|Any CPU
	EndGlobalSection
	GlobalSection(SolutionProperties) = preSolution
		HideSolutionNode = FALSE
	EndGlobalSection
	GlobalSection(ExtensibilityGlobals) = postSolution
		SolutionGuid = {E60457A3-CF1E-49BD-B2D6-E870DE44377A}
	EndGlobalSection
EndGlobal
